
Microsoft Visual Studio Solution File, Format Version 12.00
# Visual Studio Version 16
VisualStudioVersion = 16.0.29102.190
MinimumVisualStudioVersion = 10.0.40219.1
Project("{FAE04EC0-301F-11D3-BF4B-00C04F79EFBC}") = "ComputePi", "ComputePi\ComputePi.csproj", "{30286A59-E7FC-4435-8579-80E3C27ABA72}"
EndProject
Global
	GlobalSection(SolutionConfigurationPlatforms) = preSolution
		Debug|Any CPU = Debug|Any CPU
		Release|Any CPU = Release|Any CPU
	EndGlobalSection
	GlobalSection(ProjectConfigurationPlatforms) = postSolution
		{30286A59-E7FC-4435-8579-80E3C27ABA72}.Debug|Any CPU.ActiveCfg = Debug|Any CPU
		{30286A59-E7FC-4435-8579-80E3C27ABA72}.Debug|Any CPU.Build.0 = Debug|Any CPU
		{30286A59-E7FC-4435-8579-80E3C27ABA72}.Release|Any CPU.ActiveCfg = Release|Any CPU
		{30286A59-E7FC-4435-8579-80E3C27ABA72}.Release|Any CPU.Build.0 = Release|Any CPU
	EndGlobalSection
	GlobalSection(SolutionProperties) = preSolution
		HideSolutionNode = FALSE
	EndGlobalSection
	GlobalSection(ExtensibilityGlobals) = postSolution
		SolutionGuid = {2B66EB8E-63A6-4E4C-B129-0D40506102A1}
	EndGlobalSection
EndGlobal
